
Microsoft Visual Studio Solution File, Format Version 12.00
Project("{FAE04EC0-301F-11D3-BF4B-00C04F79EFBC}") = "BurgerTown", "BurgerTown\BurgerTown.csproj", "{67E2CC4D-3175-4BC4-BE77-11F5FCD8CE26}"
EndProject
Global
	GlobalSection(SolutionConfigurationPlatforms) = preSolution
		Debug|Any CPU = Debug|Any CPU
		Release|Any CPU = Release|Any CPU
	EndGlobalSection
	GlobalSection(ProjectConfigurationPlatforms) = postSolution
		{67E2CC4D-3175-4BC4-BE77-11F5FCD8CE26}.Debug|Any CPU.ActiveCfg = Debug|Any CPU
		{67E2CC4D-3175-4BC4-BE77-11F5FCD8CE26}.Debug|Any CPU.Build.0 = Debug|Any CPU
		{67E2CC4D-3175-4BC4-BE77-11F5FCD8CE26}.Release|Any CPU.ActiveCfg = Release|Any CPU
		{67E2CC4D-3175-4BC4-BE77-11F5FCD8CE26}.Release|Any CPU.Build.0 = Release|Any CPU
	EndGlobalSection
EndGlobal
